<?xml version="1.0" encoding="utf-8"?>
<Project xmlns="http://schemas.microsoft.com/developer/msbuild/2003">
  <ItemGroup>
    <Filter Include="Form Files">
      <UniqueIdentifier>{99349809-55BA-4b9d-BF79-8FDBB0286EB3}</UniqueIdentifier>
      <Extensions>ui</Extensions>
      <ParseFiles>false</ParseFiles>
    </Filter>
    <Filter Include="Form Files">
      <UniqueIdentifier>{99349809-55BA-4b9d-BF79-8FDBB0286EB3}</UniqueIdentifier>
      <Extensions>ui</Extensions>
      <ParseFiles>false</ParseFiles>
    </Filter>
    <Filter Include="Generated Files">
      <UniqueIdentifier>{71ED8ED8-ACB9-4CE9-BBE1-E00B30144E11}</UniqueIdentifier>
      <Extensions>cpp;c;cxx;moc;h;def;odl;idl;res;</Extensions>
    </Filter>
    <Filter Include="Generated Files">
      <UniqueIdentifier>{71ED8ED8-ACB9-4CE9-BBE1-E00B30144E11}</UniqueIdentifier>
      <Extensions>cpp;c;cxx;moc;h;def;odl;idl;res;</Extensions>
    </Filter>
    <Filter Include="Header Files">
      <UniqueIdentifier>{93995380-89BD-4b04-88EB-625FBE52EBFB}</UniqueIdentifier>
      <Extensions>h;hpp;hxx;hm;inl;inc;xsd</Extensions>
    </Filter>
    <Filter Include="Header Files">
      <UniqueIdentifier>{93995380-89BD-4b04-88EB-625FBE52EBFB}</UniqueIdentifier>
      <Extensions>h;hpp;hxx;hm;inl;inc;xsd</Extensions>
    </Filter>
    <Filter Include="Resource Files">
      <UniqueIdentifier>{D9D6E242-F8AF-46E4-B9FD-80ECBC20BA3E}</UniqueIdentifier>
      <Extensions>qrc;*</Extensions>
      <ParseFiles>false</ParseFiles>
    </Filter>
    <Filter Include="Resource Files">
      <UniqueIdentifier>{D9D6E242-F8AF-46E4-B9FD-80ECBC20BA3E}</UniqueIdentifier>
      <Extensions>qrc;*</Extensions>
      <ParseFiles>false</ParseFiles>
    </Filter>
    <Filter Include="Source Files">
      <UniqueIdentifier>{4FC737F1-C7A5-4376-A066-2A32D752A2FF}</UniqueIdentifier>
      <Extensions>cpp;c;cxx;def;odl;idl;hpj;bat;asm;asmx</Extensions>
    </Filter>
    <Filter Include="Source Files">
      <UniqueIdentifier>{4FC737F1-C7A5-4376-A066-2A32D752A2FF}</UniqueIdentifier>
      <Extensions>cpp;c;cxx;def;odl;idl;hpj;bat;asm;asmx</Extensions>
    </Filter>
    <Filter Include="Distribution Files">
      <UniqueIdentifier>{B83CAF91-C7BF-462F-B76C-EA11631F866C}</UniqueIdentifier>
      <Extensions>*</Extensions>
      <ParseFiles>false</ParseFiles>
    </Filter>
    <Filter Include="Distribution Files">
      <UniqueIdentifier>{B83CAF91-C7BF-462F-B76C-EA11631F866C}</UniqueIdentifier>
      <Extensions>*</Extensions>
      <ParseFiles>false</ParseFiles>
    </Filter>
  </ItemGroup>
  <ItemGroup>
    <ClCompile Include="AbstractGroup.cpp">
      <Filter>Source Files</Filter>
    </ClCompile>
    <ClCompile Include="ActiveSelection.cpp">
      <Filter>Source Files</Filter>
    </ClCompile>
    <ClCompile Include="events\BatchValueChangeEvent.cpp">
      <Filter>Source Files</Filter>
    </ClCompile>
    <ClCompile Include="BoundaryShape.cpp">
      <Filter>Source Files</Filter>
    </ClCompile>
    <ClCompile Include="commands\BringForwardCommand.cpp">
      <Filter>Source Files</Filter>
    </ClCompile>
    <ClCompile Include="commands\BringToFrontCommand.cpp">
      <Filter>Source Files</Filter>
    </ClCompile>
    <ClCompile Include="commands\BulkOrderCommand.cpp">
      <Filter>Source Files</Filter>
    </ClCompile>
    <ClCompile Include="Canvas.cpp">
      <Filter>Source Files</Filter>
    </ClCompile>
    <ClCompile Include="commands\ChangeOrderCommand.cpp">
      <Filter>Source Files</Filter>
    </ClCompile>
    <ClCompile Include="shapes\Circle.cpp">
      <Filter>Source Files</Filter>
    </ClCompile>
    <ClCompile Include="Command.cpp">
      <Filter>Source Files</Filter>
    </ClCompile>
    <ClCompile Include="CommandStack.cpp">
      <Filter>Source Files</Filter>
    </ClCompile>
    <ClCompile Include="commands\DeleteSelectedCommand.cpp">
      <Filter>Source Files</Filter>
    </ClCompile>
    <ClCompile Include="tools\DrawCircleTool.cpp">
      <Filter>Source Files</Filter>
    </ClCompile>
    <ClCompile Include="commands\DrawCommand.cpp">
      <Filter>Source Files</Filter>
    </ClCompile>
    <ClCompile Include="tools\DrawLineTool.cpp">
      <Filter>Source Files</Filter>
    </ClCompile>
    <ClCompile Include="tools\DrawRectangleTool.cpp">
      <Filter>Source Files</Filter>
    </ClCompile>
    <ClCompile Include="fileio\FileReaderFactory.cpp">
      <Filter>Source Files</Filter>
    </ClCompile>
    <ClCompile Include="fileio\FileWriterFactory.cpp">
      <Filter>Source Files</Filter>
    </ClCompile>
    <ClCompile Include="shapes\Gauge.cpp">
      <Filter>Source Files</Filter>
    </ClCompile>
    <ClCompile Include="GlobalDrawProperties.cpp">
      <Filter>Source Files</Filter>
    </ClCompile>
    <ClCompile Include="dataSource\GoldenDataSource.cpp">
      <Filter>Source Files</Filter>
    </ClCompile>
    <ClCompile Include="Group.cpp">
      <Filter>Source Files</Filter>
    </ClCompile>
    <ClCompile Include="fileio\HtJsonFileReader.cpp">
      <Filter>Source Files</Filter>
    </ClCompile>
    <ClCompile Include="fileio\JsonFileReader.cpp">
      <Filter>Source Files</Filter>
    </ClCompile>
    <ClCompile Include="fileio\JsonFileWriter.cpp">
      <Filter>Source Files</Filter>
    </ClCompile>
    <ClCompile Include="fileio\KyJsonFileReader.cpp">
      <Filter>Source Files</Filter>
    </ClCompile>
    <ClCompile Include="fileio\KyJsonFileReaderV2.cpp">
      <Filter>Source Files</Filter>
    </ClCompile>
    <ClCompile Include="shapes\LevelBar.cpp">
      <Filter>Source Files</Filter>
    </ClCompile>
    <ClCompile Include="shapes\Line.cpp">
      <Filter>Source Files</Filter>
    </ClCompile>
    <ClCompile Include="MainCommandStack.cpp">
      <Filter>Source Files</Filter>
    </ClCompile>
    <ClCompile Include="commands\MoveSelectionCommand.cpp">
      <Filter>Source Files</Filter>
    </ClCompile>
    <ClCompile Include="PropertyColorButton.cpp">
      <Filter>Source Files</Filter>
    </ClCompile>
    <ClCompile Include="PropertySpinBox.cpp">
      <Filter>Source Files</Filter>
    </ClCompile>
    <ClCompile Include="common\PropertySupport.cpp">
      <Filter>Source Files</Filter>
    </ClCompile>
    <ClCompile Include="widgets\QGauge.cpp">
      <Filter>Source Files</Filter>
    </ClCompile>
    <ClCompile Include="shapes\Rectangle.cpp">
      <Filter>Source Files</Filter>
    </ClCompile>
    <ClCompile Include="Selection.cpp">
      <Filter>Source Files</Filter>
    </ClCompile>
    <ClCompile Include="tools\SelectionTool.cpp">
      <Filter>Source Files</Filter>
    </ClCompile>
    <ClCompile Include="commands\SendBackwardCommand.cpp">
      <Filter>Source Files</Filter>
    </ClCompile>
    <ClCompile Include="commands\SendToBackCommand.cpp">
      <Filter>Source Files</Filter>
    </ClCompile>
    <ClCompile Include="Shape.cpp">
      <Filter>Source Files</Filter>
    </ClCompile>
    <ClCompile Include="shapes\Text.cpp">
      <Filter>Source Files</Filter>
    </ClCompile>
    <ClCompile Include="Tool.cpp">
      <Filter>Source Files</Filter>
    </ClCompile>
    <ClCompile Include="events\ValueChangeEvent.cpp">
      <Filter>Source Files</Filter>
    </ClCompile>
    <ClCompile Include="tools\ValueChangeTool.cpp">
      <Filter>Source Files</Filter>
    </ClCompile>
    <ClCompile Include="VisualEntity.cpp">
      <Filter>Source Files</Filter>
    </ClCompile>
    <ClCompile Include="main.cpp">
      <Filter>Source Files</Filter>
    </ClCompile>
    <ClCompile Include="mainwindow.cpp">
      <Filter>Source Files</Filter>
    </ClCompile>
    <ClCompile Include="shapes\svg.cpp">
      <Filter>Source Files</Filter>
    </ClCompile>
    <ClCompile Include="debug\moc_MainWindow.cpp">
      <Filter>Generated Files</Filter>
    </ClCompile>
  </ItemGroup>
  <ItemGroup>
    <CustomBuild Include="Canvas.hpp">
      <Filter>Header Files</Filter>
    </CustomBuild>
    <CustomBuild Include="DrawDialog.hpp">
      <Filter>Header Files</Filter>
    </CustomBuild>
    <CustomBuild Include="GlobalDrawProperties.hpp">
      <Filter>Header Files</Filter>
    </CustomBuild>
    <CustomBuild Include="MainWindow.hpp">
      <Filter>Header Files</Filter>
    </CustomBuild>
    <CustomBuild Include="widgets\QGauge.h">
      <Filter>Header Files</Filter>
    </CustomBuild>
    <CustomBuild Include="mainwindow.h">
      <Filter>Header Files</Filter>
    </CustomBuild>
    <CustomBuild Include="commands\BulkOrderCommand.hpp">
      <Filter>Header Files</Filter>
    </CustomBuild>
    <CustomBuild Include="commands\ChangeOrderCommand.hpp">
      <Filter>Header Files</Filter>
    </CustomBuild>
    <CustomBuild Include="commands\ChangePropertyCommand.hpp">
      <Filter>Header Files</Filter>
    </CustomBuild>
    <CustomBuild Include="commands\ChangePropertyCommandList.hpp">
      <Filter>Header Files</Filter>
    </CustomBuild>
    <CustomBuild Include="shapes\Circle.hpp">
      <Filter>Header Files</Filter>
    </CustomBuild>
    <CustomBuild Include="Command.hpp">
      <Filter>Header Files</Filter>
    </CustomBuild>
    <CustomBuild Include="CommandStack.hpp">
      <Filter>Header Files</Filter>
    </CustomBuild>
    <CustomBuild Include="commands\DeleteSelectedCommand.hpp">
      <Filter>Header Files</Filter>
    </CustomBuild>
    <CustomBuild Include="tools\DrawCircleTool.hpp">
      <Filter>Header Files</Filter>
    </CustomBuild>
    <CustomBuild Include="commands\DrawCommand.hpp">
      <Filter>Header Files</Filter>
    </CustomBuild>
    <CustomBuild Include="tools\DrawLineTool.hpp">
      <Filter>Header Files</Filter>
    </CustomBuild>
    <CustomBuild Include="tools\DrawRectangleTool.hpp">
      <Filter>Header Files</Filter>
    </CustomBuild>
    <CustomBuild Include="fileio\FileReaderFactory.hpp">
      <Filter>Header Files</Filter>
    </CustomBuild>
    <CustomBuild Include="fileio\FileWriterFactory.hpp">
      <Filter>Header Files</Filter>
    </CustomBuild>
    <CustomBuild Include="shapes\Gauge.h">
      <Filter>Header Files</Filter>
    </CustomBuild>
    <CustomBuild Include="dataSource\GoldenDataSource.h">
      <Filter>Header Files</Filter>
    </CustomBuild>
    <CustomBuild Include="Group.hpp">
      <Filter>Header Files</Filter>
    </CustomBuild>
    <CustomBuild Include="fileio\HtJsonFileReader.h">
      <Filter>Header Files</Filter>
    </CustomBuild>
    <CustomBuild Include="interfaces\IDataSource.h">
      <Filter>Header Files</Filter>
    </CustomBuild>
    <CustomBuild Include="interfaces\IDrawable.hpp">
      <Filter>Header Files</Filter>
    </CustomBuild>
    <CustomBuild Include="interfaces\IFileReader.hpp">
      <Filter>Header Files</Filter>
    </CustomBuild>
    <CustomBuild Include="interfaces\IFileWriter.hpp">
      <Filter>Header Files</Filter>
    </CustomBuild>
    <CustomBuild Include="interfaces\IFillable.hpp">
      <Filter>Header Files</Filter>
    </CustomBuild>
    <CustomBuild Include="interfaces\IImage.h">
      <Filter>Header Files</Filter>
    </CustomBuild>
    <CustomBuild Include="interfaces\ILine.hpp">
      <Filter>Header Files</Filter>
    </CustomBuild>
    <CustomBuild Include="interfaces\ISelectable.hpp">
      <Filter>Header Files</Filter>
    </CustomBuild>
    <CustomBuild Include="interfaces\ITransformable.hpp">
      <Filter>Header Files</Filter>
    </CustomBuild>
    <CustomBuild Include="fileio\JsonFileReader.hpp">
      <Filter>Header Files</Filter>
    </CustomBuild>
    <CustomBuild Include="fileio\JsonFileWriter.hpp">
      <Filter>Header Files</Filter>
    </CustomBuild>
    <CustomBuild Include="fileio\KyJsonFileReader.h">
      <Filter>Header Files</Filter>
    </CustomBuild>
    <CustomBuild Include="fileio\KyJsonFileReaderV2.h">
      <Filter>Header Files</Filter>
    </CustomBuild>
    <CustomBuild Include="shapes\LevelBar.h">
      <Filter>Header Files</Filter>
    </CustomBuild>
    <CustomBuild Include="shapes\Line.hpp">
      <Filter>Header Files</Filter>
    </CustomBuild>
    <CustomBuild Include="MainCommandStack.hpp">
      <Filter>Header Files</Filter>
    </CustomBuild>
    <CustomBuild Include="commands\MoveSelectionCommand.hpp">
      <Filter>Header Files</Filter>
    </CustomBuild>
    <CustomBuild Include="PropertyColorButton.hpp">
      <Filter>Header Files</Filter>
    </CustomBuild>
    <CustomBuild Include="PropertySpinBox.hpp">
      <Filter>Header Files</Filter>
    </CustomBuild>
    <CustomBuild Include="common\PropertySupport.h">
      <Filter>Header Files</Filter>
    </CustomBuild>
    <CustomBuild Include="shapes\Rectangle.hpp">
      <Filter>Header Files</Filter>
    </CustomBuild>
    <CustomBuild Include="Selection.hpp">
      <Filter>Header Files</Filter>
    </CustomBuild>
    <CustomBuild Include="tools\SelectionTool.hpp">
      <Filter>Header Files</Filter>
    </CustomBuild>
    <CustomBuild Include="commands\SendBackwardCommand.hpp">
      <Filter>Header Files</Filter>
    </CustomBuild>
    <CustomBuild Include="commands\SendToBackCommand.hpp">
      <Filter>Header Files</Filter>
    </CustomBuild>
    <CustomBuild Include="Shape.hpp">
      <Filter>Header Files</Filter>
    </CustomBuild>
    <CustomBuild Include="Signal.hpp">
      <Filter>Header Files</Filter>
    </CustomBuild>
    <CustomBuild Include="shapes\Text.h">
      <Filter>Header Files</Filter>
    </CustomBuild>
    <CustomBuild Include="Tool.hpp">
      <Filter>Header Files</Filter>
    </CustomBuild>
    <CustomBuild Include="events\ValueChangeEvent.h">
      <Filter>Header Files</Filter>
    </CustomBuild>
    <CustomBuild Include="tools\ValueChangeTool.h">
      <Filter>Header Files</Filter>
    </CustomBuild>
    <CustomBuild Include="VisualEntity.hpp">
      <Filter>Header Files</Filter>
    </CustomBuild>
    <CustomBuild Include="events\eventdef.h">
      <Filter>Header Files</Filter>
    </CustomBuild>
    <CustomBuild Include="interfaces\ilabel.h">
      <Filter>Header Files</Filter>
    </CustomBuild>
    <CustomBuild Include="interfaces\ipropertysupport.h">
      <Filter>Header Files</Filter>
    </CustomBuild>
    <CustomBuild Include="shapes\jsondef.h">
      <Filter>Header Files</Filter>
    </CustomBuild>
    <CustomBuild Include="shapes\svg.h">
      <Filter>Header Files</Filter>
    </CustomBuild>
    <CustomBuild Include="icons\Alarm.png">
      <Filter>Resource Files</Filter>
    </CustomBuild>
    <CustomBuild Include="icons\Parameter.png">
      <Filter>Resource Files</Filter>
    </CustomBuild>
    <CustomBuild Include="icons\Trend.png">
      <Filter>Resource Files</Filter>
    </CustomBuild>
    <CustomBuild Include="icons\administration.png">
      <Filter>Resource Files</Filter>
    </CustomBuild>
    <CustomBuild Include="icons\business.png">
      <Filter>Resource Files</Filter>
    </CustomBuild>
    <CustomBuild Include="icons\fan_bg.png">
      <Filter>Resource Files</Filter>
    </CustomBuild>
    <CustomBuild Include="icons\fan_bg.svg">
      <Filter>Resource Files</Filter>
    </CustomBuild>
    <CustomBuild Include="icons\fan_pointer.png">
      <Filter>Resource Files</Filter>
    </CustomBuild>
    <CustomBuild Include="icons\fan_pointer.svg">
      <Filter>Resource Files</Filter>
    </CustomBuild>
    <CustomBuild Include="icons\find.png">
      <Filter>Resource Files</Filter>
    </CustomBuild>
    <CustomBuild Include="icons\flow.png">
      <Filter>Resource Files</Filter>
    </CustomBuild>
    <CustomBuild Include="icons\group.png">
      <Filter>Resource Files</Filter>
    </CustomBuild>
    <CustomBuild Include="icons\help.png">
      <Filter>Resource Files</Filter>
    </CustomBuild>
    <CustomBuild Include="icons\history.png">
      <Filter>Resource Files</Filter>
    </CustomBuild>
    <CustomBuild Include="icons\log.png">
      <Filter>Resource Files</Filter>
    </CustomBuild>
    <CustomBuild Include="icons\login.png">
      <Filter>Resource Files</Filter>
    </CustomBuild>
    <CustomBuild Include="icons\logo.png">
      <Filter>Resource Files</Filter>
    </CustomBuild>
    <CustomBuild Include="icons\megaphone.png">
      <Filter>Resource Files</Filter>
    </CustomBuild>
    <CustomBuild Include="icons\print.png">
      <Filter>Resource Files</Filter>
    </CustomBuild>
    <CustomBuild Include="icons\report.png">
      <Filter>Resource Files</Filter>
    </CustomBuild>
    <CustomBuild Include="icons\system.png">
      <Filter>Resource Files</Filter>
    </CustomBuild>
  </ItemGroup>
  <ItemGroup>
    <ClCompile Include="debug\moc_Canvas.cpp">
      <Filter>Generated Files</Filter>
    </ClCompile>
    <ClCompile Include="release\moc_Canvas.cpp">
      <Filter>Generated Files</Filter>
    </ClCompile>
    <ClCompile Include="debug\moc_DrawDialog.cpp">
      <Filter>Generated Files</Filter>
    </ClCompile>
    <ClCompile Include="release\moc_DrawDialog.cpp">
      <Filter>Generated Files</Filter>
    </ClCompile>
    <ClCompile Include="debug\moc_GlobalDrawProperties.cpp">
      <Filter>Generated Files</Filter>
    </ClCompile>
    <ClCompile Include="release\moc_GlobalDrawProperties.cpp">
      <Filter>Generated Files</Filter>
    </ClCompile>
    <ClCompile Include="debug\moc_QGauge.cpp">
      <Filter>Generated Files</Filter>
    </ClCompile>
    <ClCompile Include="release\moc_QGauge.cpp">
      <Filter>Generated Files</Filter>
    </ClCompile>
    <ClCompile Include="debug\moc_mainwindow.cpp">
      <Filter>Generated Files</Filter>
    </ClCompile>
    <ClCompile Include="release\moc_mainwindow.cpp">
      <Filter>Generated Files</Filter>
    </ClCompile>
    <CustomBuild Include="debug\moc_predefs.h.cbt">
      <Filter>Generated Files</Filter>
    </CustomBuild>
    <CustomBuild Include="release\moc_predefs.h.cbt">
      <Filter>Generated Files</Filter>
    </CustomBuild>
    <ClCompile Include="debug\qrc_icons.cpp">
      <Filter>Generated Files</Filter>
    </ClCompile>
    <ClCompile Include="release\qrc_icons.cpp">
      <Filter>Generated Files</Filter>
    </ClCompile>
  </ItemGroup>
  <ItemGroup>
    <CustomBuild Include="mainwindow.ui">
      <Filter>Form Files</Filter>
    </CustomBuild>
    <CustomBuild Include="ui_mainwindow.h">
      <Filter>Generated Files</Filter>
    </CustomBuild>
    <CustomBuild Include="AbstractGroup.hpp">
      <Filter>Header Files</Filter>
    </CustomBuild>
    <CustomBuild Include="ActiveSelection.hpp">
      <Filter>Header Files</Filter>
    </CustomBuild>
    <CustomBuild Include="events\BatchValueChangeEvent.h">
      <Filter>Header Files</Filter>
    </CustomBuild>
    <CustomBuild Include="BoundaryShape.h">
      <Filter>Header Files</Filter>
    </CustomBuild>
    <CustomBuild Include="commands\BringForwardCommand.hpp">
      <Filter>Header Files</Filter>
    </CustomBuild>
    <CustomBuild Include="commands\BringToFrontCommand.hpp">
      <Filter>Header Files</Filter>
    </CustomBuild>
  </ItemGroup>
  <ItemGroup>
    <CustomBuild Include="icons.qrc">
      <Filter>Resource Files</Filter>
    </CustomBuild>
  </ItemGroup>
  <ItemGroup>
    <None Include="icon.rc">
      <Filter>Distribution Files</Filter>
    </None>
  </ItemGroup>
  <ItemGroup>
    <ResourceCompile Include="icon.rc" />
  </ItemGroup>
</Project>